
Microsoft Visual Studio Solution File, Format Version 11.00
# Visual Studio 2010
Project("{FAE04EC0-301F-11D3-BF4B-00C04F79EFBC}") = "Assembly-CSharp", "Assembly-CSharp.csproj", "{bd335412-3990-060a-c908-c4d3be98889c}"
EndProject
Global
	GlobalSection(SolutionConfigurationPlatforms) = preSolution
		Debug|Any CPU = Debug|Any CPU
		Release|Any CPU = Release|Any CPU
	EndGlobalSection
	GlobalSection(ProjectConfigurationPlatforms) = postSolution
		{bd335412-3990-060a-c908-c4d3be98889c}.Debug|Any CPU.ActiveCfg = Debug|Any CPU
		{bd335412-3990-060a-c908-c4d3be98889c}.Debug|Any CPU.Build.0 = Debug|Any CPU
		{bd335412-3990-060a-c908-c4d3be98889c}.Release|Any CPU.ActiveCfg = Release|Any CPU
		{bd335412-3990-060a-c908-c4d3be98889c}.Release|Any CPU.Build.0 = Release|Any CPU
	EndGlobalSection
	GlobalSection(SolutionProperties) = preSolution
		HideSolutionNode = FALSE
	EndGlobalSection
EndGlobal
